
Microsoft Visual Studio Solution File, Format Version 12.00
Project("{FAE04EC0-301F-11D3-BF4B-00C04F79EFBC}") = "SchweinDemoProjekt", "SchweinDemoProjekt\SchweinDemoProjekt.csproj", "{BF1D044C-7529-4E39-8E81-A2D8DF54D314}"
EndProject
Global
	GlobalSection(SolutionConfigurationPlatforms) = preSolution
		Debug|Any CPU = Debug|Any CPU
		Release|Any CPU = Release|Any CPU
	EndGlobalSection
	GlobalSection(ProjectConfigurationPlatforms) = postSolution
		{BF1D044C-7529-4E39-8E81-A2D8DF54D314}.Debug|Any CPU.ActiveCfg = Debug|Any CPU
		{BF1D044C-7529-4E39-8E81-A2D8DF54D314}.Debug|Any CPU.Build.0 = Debug|Any CPU
		{BF1D044C-7529-4E39-8E81-A2D8DF54D314}.Release|Any CPU.ActiveCfg = Release|Any CPU
		{BF1D044C-7529-4E39-8E81-A2D8DF54D314}.Release|Any CPU.Build.0 = Release|Any CPU
	EndGlobalSection
EndGlobal
