
Microsoft Visual Studio Solution File, Format Version 12.00
Project("{FAE04EC0-301F-11D3-BF4B-00C04F79EFBC}") = "DepDemo", "DepDemo\DepDemo.csproj", "{B736AD30-5AD8-436D-B8A7-2118FC7D08CE}"
EndProject
Project("{FAE04EC0-301F-11D3-BF4B-00C04F79EFBC}") = "DepDemoTest", "DepDemoTest\DepDemoTest.csproj", "{6819D37C-ABF7-42F5-A68D-D3B5152ECEB5}"
EndProject
Global
	GlobalSection(SolutionConfigurationPlatforms) = preSolution
		Debug|Any CPU = Debug|Any CPU
		Release|Any CPU = Release|Any CPU
	EndGlobalSection
	GlobalSection(ProjectConfigurationPlatforms) = postSolution
		{B736AD30-5AD8-436D-B8A7-2118FC7D08CE}.Debug|Any CPU.ActiveCfg = Debug|Any CPU
		{B736AD30-5AD8-436D-B8A7-2118FC7D08CE}.Debug|Any CPU.Build.0 = Debug|Any CPU
		{B736AD30-5AD8-436D-B8A7-2118FC7D08CE}.Release|Any CPU.ActiveCfg = Release|Any CPU
		{B736AD30-5AD8-436D-B8A7-2118FC7D08CE}.Release|Any CPU.Build.0 = Release|Any CPU
		{6819D37C-ABF7-42F5-A68D-D3B5152ECEB5}.Debug|Any CPU.ActiveCfg = Debug|Any CPU
		{6819D37C-ABF7-42F5-A68D-D3B5152ECEB5}.Debug|Any CPU.Build.0 = Debug|Any CPU
		{6819D37C-ABF7-42F5-A68D-D3B5152ECEB5}.Release|Any CPU.ActiveCfg = Release|Any CPU
		{6819D37C-ABF7-42F5-A68D-D3B5152ECEB5}.Release|Any CPU.Build.0 = Release|Any CPU
	EndGlobalSection
EndGlobal
